Microsoft Visual Studio Solution File, Format Version 12.00
# Visual Studio Version 17
VisualStudioVersion = 17.5.2.0
MinimumVisualStudioVersion = 10.0.40219.1
Project("{FAE04EC0-301F-11D3-BF4B-00C04F79EFBC}") = "app-migration", "app-migration.csproj", "{927297F7-105A-51DE-80C9-2213867C3F20}"
EndProject
Global
	GlobalSection(SolutionConfigurationPlatforms) = preSolution
		Debug|Any CPU = Debug|Any CPU
		Release|Any CPU = Release|Any CPU
	EndGlobalSection
	GlobalSection(ProjectConfigurationPlatforms) = postSolution
		{927297F7-105A-51DE-80C9-2213867C3F20}.Debug|Any CPU.ActiveCfg = Debug|Any CPU
		{927297F7-105A-51DE-80C9-2213867C3F20}.Debug|Any CPU.Build.0 = Debug|Any CPU
		{927297F7-105A-51DE-80C9-2213867C3F20}.Release|Any CPU.ActiveCfg = Release|Any CPU
		{927297F7-105A-51DE-80C9-2213867C3F20}.Release|Any CPU.Build.0 = Release|Any CPU
	EndGlobalSection
	GlobalSection(SolutionProperties) = preSolution
		HideSolutionNode = FALSE
	EndGlobalSection
	GlobalSection(ExtensibilityGlobals) = postSolution
		SolutionGuid = {1BC851D7-9FCE-4BCD-9035-B36685E9135C}
	EndGlobalSection
EndGlobal
